lockfileVersion: '9.0'

settings:
  autoInstallPeers: true
  excludeLinksFromLockfile: false

importers:

  .:
    dependencies:
      test.nu:
        specifier: ^1.0.1
        version: 1.0.1

packages:

  test.nu@1.0.1:
    resolution: {integrity: sha512-I1UC9lz73KdVJ0ZUrtPZfKxbiD1ClNBjeEDWbOoA9ShtUZIm6h6SMODtAR72akcdbUX4z3TbHOWv+/fz4uUryA==}

snapshots:

  test.nu@1.0.1: {}
